
Microsoft Visual Studio Solution File, Format Version 12.00
# Visual Studio Version 16
VisualStudioVersion = 16.0.30611.23
MinimumVisualStudioVersion = 10.0.40219.1
Project("{FAE04EC0-301F-11D3-BF4B-00C04F79EFBC}") = "Tarea9 Form-Vacunate.Server", "Server\Tarea9 Form-Vacunate.Server.csproj", "{F76FF3A6-8D96-4D29-A0D9-2AF3240DDBB5}"
EndProject
Project("{FAE04EC0-301F-11D3-BF4B-00C04F79EFBC}") = "Tarea9 Form-Vacunate.Client", "Client\Tarea9 Form-Vacunate.Client.csproj", "{02070D27-DA17-4C7D-8228-A1A4EEB42699}"
EndProject
Project("{FAE04EC0-301F-11D3-BF4B-00C04F79EFBC}") = "Tarea9 Form-Vacunate.Shared", "Shared\Tarea9 Form-Vacunate.Shared.csproj", "{0757FD7E-F838-42BC-BABA-628EBA970683}"
EndProject
Global
	GlobalSection(SolutionConfigurationPlatforms) = preSolution
		Debug|Any CPU = Debug|Any CPU
		Release|Any CPU = Release|Any CPU
	EndGlobalSection
	GlobalSection(ProjectConfigurationPlatforms) = postSolution
		{F76FF3A6-8D96-4D29-A0D9-2AF3240DDBB5}.Debug|Any CPU.ActiveCfg = Debug|Any CPU
		{F76FF3A6-8D96-4D29-A0D9-2AF3240DDBB5}.Debug|Any CPU.Build.0 = Debug|Any CPU
		{F76FF3A6-8D96-4D29-A0D9-2AF3240DDBB5}.Release|Any CPU.ActiveCfg = Release|Any CPU
		{F76FF3A6-8D96-4D29-A0D9-2AF3240DDBB5}.Release|Any CPU.Build.0 = Release|Any CPU
		{02070D27-DA17-4C7D-8228-A1A4EEB42699}.Debug|Any CPU.ActiveCfg = Debug|Any CPU
		{02070D27-DA17-4C7D-8228-A1A4EEB42699}.Debug|Any CPU.Build.0 = Debug|Any CPU
		{02070D27-DA17-4C7D-8228-A1A4EEB42699}.Release|Any CPU.ActiveCfg = Release|Any CPU
		{02070D27-DA17-4C7D-8228-A1A4EEB42699}.Release|Any CPU.Build.0 = Release|Any CPU
		{0757FD7E-F838-42BC-BABA-628EBA970683}.Debug|Any CPU.ActiveCfg = Debug|Any CPU
		{0757FD7E-F838-42BC-BABA-628EBA970683}.Debug|Any CPU.Build.0 = Debug|Any CPU
		{0757FD7E-F838-42BC-BABA-628EBA970683}.Release|Any CPU.ActiveCfg = Release|Any CPU
		{0757FD7E-F838-42BC-BABA-628EBA970683}.Release|Any CPU.Build.0 = Release|Any CPU
	EndGlobalSection
	GlobalSection(SolutionProperties) = preSolution
		HideSolutionNode = FALSE
	EndGlobalSection
	GlobalSection(ExtensibilityGlobals) = postSolution
		SolutionGuid = {4A529B57-3C37-494B-97B7-785C8B3EC0E8}
	EndGlobalSection
EndGlobal
